
Microsoft Visual Studio Solution File, Format Version 12.00
# Visual Studio 14
VisualStudioVersion = 14.0.25420.1
MinimumVisualStudioVersion = 10.0.40219.1
Project("{FAE04EC0-301F-11D3-BF4B-00C04F79EFBC}") = "Capgemini.Test.Xrm.EasyRepro.UUI", "Capgemini.Test.Xrm.EasyRepro.UUI\Capgemini.Test.Xrm.EasyRepro.UUI.csproj", "{6E03ADFC-321D-436C-BF8D-58D7117A6001}"
EndProject
Project("{2150E333-8FDC-42A3-9474-1A3956D46DE8}") = "Web", "Web", "{476DB59C-DBCE-4C8F-96BB-F70A6EB4E51D}"
EndProject
Project("{2150E333-8FDC-42A3-9474-1A3956D46DE8}") = "UUI", "UUI", "{BEA64A8A-9BC1-47C4-940C-2226266E603C}"
EndProject
Project("{FAE04EC0-301F-11D3-BF4B-00C04F79EFBC}") = "Capgemini.Test.Xrm.Bindings.Web", "Capgemini.Test.Xrm.Bindings.Web\Capgemini.Test.Xrm.Bindings.Web.csproj", "{2AE53455-972A-433A-920E-B22504B372B5}"
EndProject
Project("{FAE04EC0-301F-11D3-BF4B-00C04F79EFBC}") = "Capgemini.Test.Xrm.EasyRepro.Web", "Capgemini.Test.Xrm.EasyRepro.Web\Capgemini.Test.Xrm.EasyRepro.Web.csproj", "{54854CB2-CD34-4854-9131-C4988D51468B}"
EndProject
Project("{FAE04EC0-301F-11D3-BF4B-00C04F79EFBC}") = "Capgemini.Test.Xrm.Bindings.UUI", "Capgemini.Test.Xrm.Bindings.UUI\Capgemini.Test.Xrm.Bindings.UUI.csproj", "{4DD521AD-7158-4F0D-812A-13D78FEF0EB6}"
EndProject
Project("{FAE04EC0-301F-11D3-BF4B-00C04F79EFBC}") = "Capgemini.Test.Xrm.Bindings", "Capgemini.Test.Xrm.Bindings\Capgemini.Test.Xrm.Bindings.csproj", "{0701328D-543E-44B1-9E79-B9D06F1E7D3D}"
EndProject
Project("{FAE04EC0-301F-11D3-BF4B-00C04F79EFBC}") = "Capgemini.Test.Xrm", "Capgemini.Test.Xrm\Capgemini.Test.Xrm.csproj", "{37673379-CA62-469C-87CE-7E3730509803}"
EndProject
Project("{2150E333-8FDC-42A3-9474-1A3956D46DE8}") = "Solution Items", "Solution Items", "{4C52F806-6E08-48B3-BC9C-0054D7B8FCA4}"
	ProjectSection(SolutionItems) = preProject
		README.md = README.md
	EndProjectSection
EndProject
Global
	GlobalSection(SolutionConfigurationPlatforms) = preSolution
		Debug|Any CPU = Debug|Any CPU
		Debug|ARM = Debug|ARM
		Debug|x64 = Debug|x64
		Debug|x86 = Debug|x86
		Release|Any CPU = Release|Any CPU
		Release|ARM = Release|ARM
		Release|x64 = Release|x64
		Release|x86 = Release|x86
	EndGlobalSection
	GlobalSection(ProjectConfigurationPlatforms) = postSolution
		{6E03ADFC-321D-436C-BF8D-58D7117A6001}.Debug|Any CPU.ActiveCfg = Debug|Any CPU
		{6E03ADFC-321D-436C-BF8D-58D7117A6001}.Debug|Any CPU.Build.0 = Debug|Any CPU
		{6E03ADFC-321D-436C-BF8D-58D7117A6001}.Debug|ARM.ActiveCfg = Debug|Any CPU
		{6E03ADFC-321D-436C-BF8D-58D7117A6001}.Debug|ARM.Build.0 = Debug|Any CPU
		{6E03ADFC-321D-436C-BF8D-58D7117A6001}.Debug|x64.ActiveCfg = Debug|Any CPU
		{6E03ADFC-321D-436C-BF8D-58D7117A6001}.Debug|x64.Build.0 = Debug|Any CPU
		{6E03ADFC-321D-436C-BF8D-58D7117A6001}.Debug|x86.ActiveCfg = Debug|Any CPU
		{6E03ADFC-321D-436C-BF8D-58D7117A6001}.Debug|x86.Build.0 = Debug|Any CPU
		{6E03ADFC-321D-436C-BF8D-58D7117A6001}.Release|Any CPU.ActiveCfg = Release|Any CPU
		{6E03ADFC-321D-436C-BF8D-58D7117A6001}.Release|Any CPU.Build.0 = Release|Any CPU
		{6E03ADFC-321D-436C-BF8D-58D7117A6001}.Release|ARM.ActiveCfg = Release|Any CPU
		{6E03ADFC-321D-436C-BF8D-58D7117A6001}.Release|ARM.Build.0 = Release|Any CPU
		{6E03ADFC-321D-436C-BF8D-58D7117A6001}.Release|x64.ActiveCfg = Release|Any CPU
		{6E03ADFC-321D-436C-BF8D-58D7117A6001}.Release|x64.Build.0 = Release|Any CPU
		{6E03ADFC-321D-436C-BF8D-58D7117A6001}.Release|x86.ActiveCfg = Release|Any CPU
		{6E03ADFC-321D-436C-BF8D-58D7117A6001}.Release|x86.Build.0 = Release|Any CPU
		{2AE53455-972A-433A-920E-B22504B372B5}.Debug|Any CPU.ActiveCfg = Debug|Any CPU
		{2AE53455-972A-433A-920E-B22504B372B5}.Debug|Any CPU.Build.0 = Debug|Any CPU
		{2AE53455-972A-433A-920E-B22504B372B5}.Debug|ARM.ActiveCfg = Debug|Any CPU
		{2AE53455-972A-433A-920E-B22504B372B5}.Debug|ARM.Build.0 = Debug|Any CPU
		{2AE53455-972A-433A-920E-B22504B372B5}.Debug|x64.ActiveCfg = Debug|Any CPU
		{2AE53455-972A-433A-920E-B22504B372B5}.Debug|x64.Build.0 = Debug|Any CPU
		{2AE53455-972A-433A-920E-B22504B372B5}.Debug|x86.ActiveCfg = Debug|Any CPU
		{2AE53455-972A-433A-920E-B22504B372B5}.Debug|x86.Build.0 = Debug|Any CPU
		{2AE53455-972A-433A-920E-B22504B372B5}.Release|Any CPU.ActiveCfg = Release|Any CPU
		{2AE53455-972A-433A-920E-B22504B372B5}.Release|Any CPU.Build.0 = Release|Any CPU
		{2AE53455-972A-433A-920E-B22504B372B5}.Release|ARM.ActiveCfg = Release|Any CPU
		{2AE53455-972A-433A-920E-B22504B372B5}.Release|ARM.Build.0 = Release|Any CPU
		{2AE53455-972A-433A-920E-B22504B372B5}.Release|x64.ActiveCfg = Release|Any CPU
		{2AE53455-972A-433A-920E-B22504B372B5}.Release|x64.Build.0 = Release|Any CPU
		{2AE53455-972A-433A-920E-B22504B372B5}.Release|x86.ActiveCfg = Release|Any CPU
		{2AE53455-972A-433A-920E-B22504B372B5}.Release|x86.Build.0 = Release|Any CPU
		{54854CB2-CD34-4854-9131-C4988D51468B}.Debug|Any CPU.ActiveCfg = Debug|Any CPU
		{54854CB2-CD34-4854-9131-C4988D51468B}.Debug|Any CPU.Build.0 = Debug|Any CPU
		{54854CB2-CD34-4854-9131-C4988D51468B}.Debug|ARM.ActiveCfg = Debug|Any CPU
		{54854CB2-CD34-4854-9131-C4988D51468B}.Debug|ARM.Build.0 = Debug|Any CPU
		{54854CB2-CD34-4854-9131-C4988D51468B}.Debug|x64.ActiveCfg = Debug|Any CPU
		{54854CB2-CD34-4854-9131-C4988D51468B}.Debug|x64.Build.0 = Debug|Any CPU
		{54854CB2-CD34-4854-9131-C4988D51468B}.Debug|x86.ActiveCfg = Debug|Any CPU
		{54854CB2-CD34-4854-9131-C4988D51468B}.Debug|x86.Build.0 = Debug|Any CPU
		{54854CB2-CD34-4854-9131-C4988D51468B}.Release|Any CPU.ActiveCfg = Release|Any CPU
		{54854CB2-CD34-4854-9131-C4988D51468B}.Release|Any CPU.Build.0 = Release|Any CPU
		{54854CB2-CD34-4854-9131-C4988D51468B}.Release|ARM.ActiveCfg = Release|Any CPU
		{54854CB2-CD34-4854-9131-C4988D51468B}.Release|ARM.Build.0 = Release|Any CPU
		{54854CB2-CD34-4854-9131-C4988D51468B}.Release|x64.ActiveCfg = Release|Any CPU
		{54854CB2-CD34-4854-9131-C4988D51468B}.Release|x64.Build.0 = Release|Any CPU
		{54854CB2-CD34-4854-9131-C4988D51468B}.Release|x86.ActiveCfg = Release|Any CPU
		{54854CB2-CD34-4854-9131-C4988D51468B}.Release|x86.Build.0 = Release|Any CPU
		{4DD521AD-7158-4F0D-812A-13D78FEF0EB6}.Debug|Any CPU.ActiveCfg = Debug|Any CPU
		{4DD521AD-7158-4F0D-812A-13D78FEF0EB6}.Debug|Any CPU.Build.0 = Debug|Any CPU
		{4DD521AD-7158-4F0D-812A-13D78FEF0EB6}.Debug|ARM.ActiveCfg = Debug|Any CPU
		{4DD521AD-7158-4F0D-812A-13D78FEF0EB6}.Debug|ARM.Build.0 = Debug|Any CPU
		{4DD521AD-7158-4F0D-812A-13D78FEF0EB6}.Debug|x64.ActiveCfg = Debug|Any CPU
		{4DD521AD-7158-4F0D-812A-13D78FEF0EB6}.Debug|x64.Build.0 = Debug|Any CPU
		{4DD521AD-7158-4F0D-812A-13D78FEF0EB6}.Debug|x86.ActiveCfg = Debug|Any CPU
		{4DD521AD-7158-4F0D-812A-13D78FEF0EB6}.Debug|x86.Build.0 = Debug|Any CPU
		{4DD521AD-7158-4F0D-812A-13D78FEF0EB6}.Release|Any CPU.ActiveCfg = Release|Any CPU
		{4DD521AD-7158-4F0D-812A-13D78FEF0EB6}.Release|Any CPU.Build.0 = Release|Any CPU
		{4DD521AD-7158-4F0D-812A-13D78FEF0EB6}.Release|ARM.ActiveCfg = Release|Any CPU
		{4DD521AD-7158-4F0D-812A-13D78FEF0EB6}.Release|ARM.Build.0 = Release|Any CPU
		{4DD521AD-7158-4F0D-812A-13D78FEF0EB6}.Release|x64.ActiveCfg = Release|Any CPU
		{4DD521AD-7158-4F0D-812A-13D78FEF0EB6}.Release|x64.Build.0 = Release|Any CPU
		{4DD521AD-7158-4F0D-812A-13D78FEF0EB6}.Release|x86.ActiveCfg = Release|Any CPU
		{4DD521AD-7158-4F0D-812A-13D78FEF0EB6}.Release|x86.Build.0 = Release|Any CPU
		{0701328D-543E-44B1-9E79-B9D06F1E7D3D}.Debug|Any CPU.ActiveCfg = Debug|Any CPU
		{0701328D-543E-44B1-9E79-B9D06F1E7D3D}.Debug|Any CPU.Build.0 = Debug|Any CPU
		{0701328D-543E-44B1-9E79-B9D06F1E7D3D}.Debug|ARM.ActiveCfg = Debug|Any CPU
		{0701328D-543E-44B1-9E79-B9D06F1E7D3D}.Debug|ARM.Build.0 = Debug|Any CPU
		{0701328D-543E-44B1-9E79-B9D06F1E7D3D}.Debug|x64.ActiveCfg = Debug|Any CPU
		{0701328D-543E-44B1-9E79-B9D06F1E7D3D}.Debug|x64.Build.0 = Debug|Any CPU
		{0701328D-543E-44B1-9E79-B9D06F1E7D3D}.Debug|x86.ActiveCfg = Debug|Any CPU
		{0701328D-543E-44B1-9E79-B9D06F1E7D3D}.Debug|x86.Build.0 = Debug|Any CPU
		{0701328D-543E-44B1-9E79-B9D06F1E7D3D}.Release|Any CPU.ActiveCfg = Release|Any CPU
		{0701328D-543E-44B1-9E79-B9D06F1E7D3D}.Release|Any CPU.Build.0 = Release|Any CPU
		{0701328D-543E-44B1-9E79-B9D06F1E7D3D}.Release|ARM.ActiveCfg = Release|Any CPU
		{0701328D-543E-44B1-9E79-B9D06F1E7D3D}.Release|ARM.Build.0 = Release|Any CPU
		{0701328D-543E-44B1-9E79-B9D06F1E7D3D}.Release|x64.ActiveCfg = Release|Any CPU
		{0701328D-543E-44B1-9E79-B9D06F1E7D3D}.Release|x64.Build.0 = Release|Any CPU
		{0701328D-543E-44B1-9E79-B9D06F1E7D3D}.Release|x86.ActiveCfg = Release|Any CPU
		{0701328D-543E-44B1-9E79-B9D06F1E7D3D}.Release|x86.Build.0 = Release|Any CPU
		{37673379-CA62-469C-87CE-7E3730509803}.Debug|Any CPU.ActiveCfg = Debug|Any CPU
		{37673379-CA62-469C-87CE-7E3730509803}.Debug|Any CPU.Build.0 = Debug|Any CPU
		{37673379-CA62-469C-87CE-7E3730509803}.Debug|ARM.ActiveCfg = Debug|Any CPU
		{37673379-CA62-469C-87CE-7E3730509803}.Debug|ARM.Build.0 = Debug|Any CPU
		{37673379-CA62-469C-87CE-7E3730509803}.Debug|x64.ActiveCfg = Debug|Any CPU
		{37673379-CA62-469C-87CE-7E3730509803}.Debug|x64.Build.0 = Debug|Any CPU
		{37673379-CA62-469C-87CE-7E3730509803}.Debug|x86.ActiveCfg = Debug|Any CPU
		{37673379-CA62-469C-87CE-7E3730509803}.Debug|x86.Build.0 = Debug|Any CPU
		{37673379-CA62-469C-87CE-7E3730509803}.Release|Any CPU.ActiveCfg = Release|Any CPU
		{37673379-CA62-469C-87CE-7E3730509803}.Release|Any CPU.Build.0 = Release|Any CPU
		{37673379-CA62-469C-87CE-7E3730509803}.Release|ARM.ActiveCfg = Release|Any CPU
		{37673379-CA62-469C-87CE-7E3730509803}.Release|ARM.Build.0 = Release|Any CPU
		{37673379-CA62-469C-87CE-7E3730509803}.Release|x64.ActiveCfg = Release|Any CPU
		{37673379-CA62-469C-87CE-7E3730509803}.Release|x64.Build.0 = Release|Any CPU
		{37673379-CA62-469C-87CE-7E3730509803}.Release|x86.ActiveCfg = Release|Any CPU
		{37673379-CA62-469C-87CE-7E3730509803}.Release|x86.Build.0 = Release|Any CPU
	EndGlobalSection
	GlobalSection(SolutionProperties) = preSolution
		HideSolutionNode = FALSE
	EndGlobalSection
	GlobalSection(NestedProjects) = preSolution
		{6E03ADFC-321D-436C-BF8D-58D7117A6001} = {BEA64A8A-9BC1-47C4-940C-2226266E603C}
		{2AE53455-972A-433A-920E-B22504B372B5} = {476DB59C-DBCE-4C8F-96BB-F70A6EB4E51D}
		{54854CB2-CD34-4854-9131-C4988D51468B} = {476DB59C-DBCE-4C8F-96BB-F70A6EB4E51D}
		{4DD521AD-7158-4F0D-812A-13D78FEF0EB6} = {BEA64A8A-9BC1-47C4-940C-2226266E603C}
	EndGlobalSection
	GlobalSection(ExtensibilityGlobals) = postSolution
		SolutionGuid = {8038BFA0-6A34-41DE-992A-1B4228585614}
	EndGlobalSection
EndGlobal
