{
  "requires": true,
  "lockfileVersion": 1,
  "dependencies": {
    "@capgemini/xrm-test-utilities": {
      "version": "0.0.3",
      "resolved": "https://capgeminiuk.pkgs.visualstudio.com/_packaging/CapgeminiIp/npm/registry/@capgemini/xrm-test-utilities/-/xrm-test-utilities-0.0.3.tgz",
      "integrity": "sha1-4utOKmK4mikJ4EioO9Ea9JPRIsc="
    }
  }
}
