{
  "requires": true,
  "lockfileVersion": 1,
  "dependencies": {
    "@capgemini/spec-xrm-driver": {
      "version": "0.0.6",
      "resolved": "https://capgeminiuk.pkgs.visualstudio.com/_packaging/CapgeminiIp/npm/registry/@capgemini/spec-xrm-driver/-/spec-xrm-driver-0.0.6.tgz",
      "integrity": "sha1-AeUpyPIw9+72cwLBjo4zm2W9S84=",
      "dev": true
    }
  }
}
