
Microsoft Visual Studio Solution File, Format Version 12.00
# Visual Studio 15
VisualStudioVersion = 15.0.27703.2042
MinimumVisualStudioVersion = 10.0.40219.1
Project("{FAE04EC0-301F-11D3-BF4B-00C04F79EFBC}") = "Capgemini.Test.Xrm", "Capgemini.Test.Xrm\Capgemini.Test.Xrm.csproj", "{37673379-CA62-469C-87CE-7E3730509803}"
EndProject
Project("{2150E333-8FDC-42A3-9474-1A3956D46DE8}") = "Solution Items", "Solution Items", "{4C52F806-6E08-48B3-BC9C-0054D7B8FCA4}"
	ProjectSection(SolutionItems) = preProject
		..\build.cake = ..\build.cake
		..\build.ps1 = ..\build.ps1
		..\cake.config = ..\cake.config
		NuGet.config = NuGet.config
		..\README.md = ..\README.md
	EndProjectSection
EndProject
Project("{FAE04EC0-301F-11D3-BF4B-00C04F79EFBC}") = "Capgemini.Test.Xrm.Uci", "Capgemini.Test.Xrm.Uci\Capgemini.Test.Xrm.Uci.csproj", "{4DD521AD-7158-4F0D-812A-13D78FEF0EB6}"
EndProject
Project("{FAE04EC0-301F-11D3-BF4B-00C04F79EFBC}") = "Capgemini.Test.Xrm.Web", "Capgemini.Test.Xrm.Web\Capgemini.Test.Xrm.Web.csproj", "{2AE53455-972A-433A-920E-B22504B372B5}"
EndProject
Global
	GlobalSection(SolutionConfigurationPlatforms) = preSolution
		Debug|Any CPU = Debug|Any CPU
		Debug|ARM = Debug|ARM
		Debug|x64 = Debug|x64
		Debug|x86 = Debug|x86
		Release|Any CPU = Release|Any CPU
		Release|ARM = Release|ARM
		Release|x64 = Release|x64
		Release|x86 = Release|x86
	EndGlobalSection
	GlobalSection(ProjectConfigurationPlatforms) = postSolution
		{37673379-CA62-469C-87CE-7E3730509803}.Debug|Any CPU.ActiveCfg = Debug|Any CPU
		{37673379-CA62-469C-87CE-7E3730509803}.Debug|Any CPU.Build.0 = Debug|Any CPU
		{37673379-CA62-469C-87CE-7E3730509803}.Debug|ARM.ActiveCfg = Debug|Any CPU
		{37673379-CA62-469C-87CE-7E3730509803}.Debug|ARM.Build.0 = Debug|Any CPU
		{37673379-CA62-469C-87CE-7E3730509803}.Debug|x64.ActiveCfg = Debug|Any CPU
		{37673379-CA62-469C-87CE-7E3730509803}.Debug|x64.Build.0 = Debug|Any CPU
		{37673379-CA62-469C-87CE-7E3730509803}.Debug|x86.ActiveCfg = Debug|Any CPU
		{37673379-CA62-469C-87CE-7E3730509803}.Debug|x86.Build.0 = Debug|Any CPU
		{37673379-CA62-469C-87CE-7E3730509803}.Release|Any CPU.ActiveCfg = Release|Any CPU
		{37673379-CA62-469C-87CE-7E3730509803}.Release|Any CPU.Build.0 = Release|Any CPU
		{37673379-CA62-469C-87CE-7E3730509803}.Release|ARM.ActiveCfg = Release|Any CPU
		{37673379-CA62-469C-87CE-7E3730509803}.Release|ARM.Build.0 = Release|Any CPU
		{37673379-CA62-469C-87CE-7E3730509803}.Release|x64.ActiveCfg = Release|Any CPU
		{37673379-CA62-469C-87CE-7E3730509803}.Release|x64.Build.0 = Release|Any CPU
		{37673379-CA62-469C-87CE-7E3730509803}.Release|x86.ActiveCfg = Release|Any CPU
		{37673379-CA62-469C-87CE-7E3730509803}.Release|x86.Build.0 = Release|Any CPU
		{4DD521AD-7158-4F0D-812A-13D78FEF0EB6}.Debug|Any CPU.ActiveCfg = Debug|Any CPU
		{4DD521AD-7158-4F0D-812A-13D78FEF0EB6}.Debug|Any CPU.Build.0 = Debug|Any CPU
		{4DD521AD-7158-4F0D-812A-13D78FEF0EB6}.Debug|ARM.ActiveCfg = Debug|Any CPU
		{4DD521AD-7158-4F0D-812A-13D78FEF0EB6}.Debug|ARM.Build.0 = Debug|Any CPU
		{4DD521AD-7158-4F0D-812A-13D78FEF0EB6}.Debug|x64.ActiveCfg = Debug|Any CPU
		{4DD521AD-7158-4F0D-812A-13D78FEF0EB6}.Debug|x64.Build.0 = Debug|Any CPU
		{4DD521AD-7158-4F0D-812A-13D78FEF0EB6}.Debug|x86.ActiveCfg = Debug|Any CPU
		{4DD521AD-7158-4F0D-812A-13D78FEF0EB6}.Debug|x86.Build.0 = Debug|Any CPU
		{4DD521AD-7158-4F0D-812A-13D78FEF0EB6}.Release|Any CPU.ActiveCfg = Release|Any CPU
		{4DD521AD-7158-4F0D-812A-13D78FEF0EB6}.Release|Any CPU.Build.0 = Release|Any CPU
		{4DD521AD-7158-4F0D-812A-13D78FEF0EB6}.Release|ARM.ActiveCfg = Release|Any CPU
		{4DD521AD-7158-4F0D-812A-13D78FEF0EB6}.Release|ARM.Build.0 = Release|Any CPU
		{4DD521AD-7158-4F0D-812A-13D78FEF0EB6}.Release|x64.ActiveCfg = Release|Any CPU
		{4DD521AD-7158-4F0D-812A-13D78FEF0EB6}.Release|x64.Build.0 = Release|Any CPU
		{4DD521AD-7158-4F0D-812A-13D78FEF0EB6}.Release|x86.ActiveCfg = Release|Any CPU
		{4DD521AD-7158-4F0D-812A-13D78FEF0EB6}.Release|x86.Build.0 = Release|Any CPU
		{2AE53455-972A-433A-920E-B22504B372B5}.Debug|Any CPU.ActiveCfg = Debug|Any CPU
		{2AE53455-972A-433A-920E-B22504B372B5}.Debug|Any CPU.Build.0 = Debug|Any CPU
		{2AE53455-972A-433A-920E-B22504B372B5}.Debug|ARM.ActiveCfg = Debug|Any CPU
		{2AE53455-972A-433A-920E-B22504B372B5}.Debug|ARM.Build.0 = Debug|Any CPU
		{2AE53455-972A-433A-920E-B22504B372B5}.Debug|x64.ActiveCfg = Debug|Any CPU
		{2AE53455-972A-433A-920E-B22504B372B5}.Debug|x64.Build.0 = Debug|Any CPU
		{2AE53455-972A-433A-920E-B22504B372B5}.Debug|x86.ActiveCfg = Debug|Any CPU
		{2AE53455-972A-433A-920E-B22504B372B5}.Debug|x86.Build.0 = Debug|Any CPU
		{2AE53455-972A-433A-920E-B22504B372B5}.Release|Any CPU.ActiveCfg = Release|Any CPU
		{2AE53455-972A-433A-920E-B22504B372B5}.Release|Any CPU.Build.0 = Release|Any CPU
		{2AE53455-972A-433A-920E-B22504B372B5}.Release|ARM.ActiveCfg = Release|Any CPU
		{2AE53455-972A-433A-920E-B22504B372B5}.Release|ARM.Build.0 = Release|Any CPU
		{2AE53455-972A-433A-920E-B22504B372B5}.Release|x64.ActiveCfg = Release|Any CPU
		{2AE53455-972A-433A-920E-B22504B372B5}.Release|x64.Build.0 = Release|Any CPU
		{2AE53455-972A-433A-920E-B22504B372B5}.Release|x86.ActiveCfg = Release|Any CPU
		{2AE53455-972A-433A-920E-B22504B372B5}.Release|x86.Build.0 = Release|Any CPU
	EndGlobalSection
	GlobalSection(SolutionProperties) = preSolution
		HideSolutionNode = FALSE
	EndGlobalSection
	GlobalSection(ExtensibilityGlobals) = postSolution
		SolutionGuid = {8038BFA0-6A34-41DE-992A-1B4228585614}
	EndGlobalSection
EndGlobal
